
Microsoft Visual Studio Solution File, Format Version 12.00
# Visual Studio Version 16
VisualStudioVersion = 16.0.29728.190
MinimumVisualStudioVersion = 10.0.40219.1
Project("{FAE04EC0-301F-11D3-BF4B-00C04F79EFBC}") = "LoanPayoffEstimator", "LoanPayoffEstimator\LoanPayoffEstimator.csproj", "{47C27D9E-49EB-4CCF-BBEB-143D97BB8DFD}"
EndProject
Global
	GlobalSection(SolutionConfigurationPlatforms) = preSolution
		Debug|Any CPU = Debug|Any CPU
		Release|Any CPU = Release|Any CPU
	EndGlobalSection
	GlobalSection(ProjectConfigurationPlatforms) = postSolution
		{47C27D9E-49EB-4CCF-BBEB-143D97BB8DFD}.Debug|Any CPU.ActiveCfg = Debug|Any CPU
		{47C27D9E-49EB-4CCF-BBEB-143D97BB8DFD}.Debug|Any CPU.Build.0 = Debug|Any CPU
		{47C27D9E-49EB-4CCF-BBEB-143D97BB8DFD}.Release|Any CPU.ActiveCfg = Release|Any CPU
		{47C27D9E-49EB-4CCF-BBEB-143D97BB8DFD}.Release|Any CPU.Build.0 = Release|Any CPU
	EndGlobalSection
	GlobalSection(SolutionProperties) = preSolution
		HideSolutionNode = FALSE
	EndGlobalSection
	GlobalSection(ExtensibilityGlobals) = postSolution
		SolutionGuid = {1D681B96-B745-4EF7-9C05-3810454D3E9F}
	EndGlobalSection
EndGlobal
